
Microsoft Visual Studio Solution File, Format Version 12.00
# Visual Studio 15
VisualStudioVersion = 15.0.27703.1
MinimumVisualStudioVersion = 10.0.40219.1
Project("{FAE04EC0-301F-11D3-BF4B-00C04F79EFBC}") = "SWARocketChat", "SWARocketChat\SWARocketChat.csproj", "{3C983402-3A0A-42A5-91B6-9634220C2F3E}"
EndProject
Global
	GlobalSection(SolutionConfigurationPlatforms) = preSolution
		Debug|Any CPU = Debug|Any CPU
		Release|Any CPU = Release|Any CPU
	EndGlobalSection
	GlobalSection(ProjectConfigurationPlatforms) = postSolution
		{3C983402-3A0A-42A5-91B6-9634220C2F3E}.Debug|Any CPU.ActiveCfg = Debug|Any CPU
		{3C983402-3A0A-42A5-91B6-9634220C2F3E}.Debug|Any CPU.Build.0 = Debug|Any CPU
		{3C983402-3A0A-42A5-91B6-9634220C2F3E}.Release|Any CPU.ActiveCfg = Release|Any CPU
		{3C983402-3A0A-42A5-91B6-9634220C2F3E}.Release|Any CPU.Build.0 = Release|Any CPU
	EndGlobalSection
	GlobalSection(SolutionProperties) = preSolution
		HideSolutionNode = FALSE
	EndGlobalSection
	GlobalSection(ExtensibilityGlobals) = postSolution
		SolutionGuid = {DE2186A0-DCE6-4D78-85CC-7A7DC855BBDC}
	EndGlobalSection
EndGlobal
